
Microsoft Visual Studio Solution File, Format Version 12.00
# Visual Studio Version 17
VisualStudioVersion = 17.0.31903.59
MinimumVisualStudioVersion = 10.0.40219.1
Project("{2150E333-8FDC-42A3-9474-1A3956D46DE8}") = "src", "src", "{827E0CD3-B72D-47B6-A68D-7590B98EB39B}"
EndProject
Project("{FAE04EC0-301F-11D3-BF4B-00C04F79EFBC}") = "EldritchDungeon.Core", "src\EldritchDungeon.Core\EldritchDungeon.Core.csproj", "{63D47B29-E123-4F76-928A-7759A4016953}"
EndProject
Project("{FAE04EC0-301F-11D3-BF4B-00C04F79EFBC}") = "EldritchDungeon.Entities", "src\EldritchDungeon.Entities\EldritchDungeon.Entities.csproj", "{61D801AA-A2F3-4C06-9230-9BD9912B636A}"
EndProject
Project("{FAE04EC0-301F-11D3-BF4B-00C04F79EFBC}") = "EldritchDungeon.Data", "src\EldritchDungeon.Data\EldritchDungeon.Data.csproj", "{6EC608C0-5C0C-4DC2-9537-78531AACDE96}"
EndProject
Project("{FAE04EC0-301F-11D3-BF4B-00C04F79EFBC}") = "EldritchDungeon.Core.Tests", "tests\EldritchDungeon.Core.Tests\EldritchDungeon.Core.Tests.csproj", "{EA3C19E9-B384-42C7-B231-C71163963525}"
EndProject
Project("{FAE04EC0-301F-11D3-BF4B-00C04F79EFBC}") = "EldritchDungeon.Data.Tests", "tests\EldritchDungeon.Data.Tests\EldritchDungeon.Data.Tests.csproj", "{6A143C89-7C59-4F2F-B24E-E2157A696912}"
EndProject
Project("{FAE04EC0-301F-11D3-BF4B-00C04F79EFBC}") = "EldritchDungeon.Utilities", "src\EldritchDungeon.Utilities\EldritchDungeon.Utilities.csproj", "{A1B2C3D4-1111-4000-A000-000000000001}"
EndProject
Project("{FAE04EC0-301F-11D3-BF4B-00C04F79EFBC}") = "EldritchDungeon.World", "src\EldritchDungeon.World\EldritchDungeon.World.csproj", "{A1B2C3D4-2222-4000-A000-000000000002}"
EndProject
Project("{FAE04EC0-301F-11D3-BF4B-00C04F79EFBC}") = "EldritchDungeon.Generation", "src\EldritchDungeon.Generation\EldritchDungeon.Generation.csproj", "{A1B2C3D4-3333-4000-A000-000000000003}"
EndProject
Project("{FAE04EC0-301F-11D3-BF4B-00C04F79EFBC}") = "EldritchDungeon.Systems", "src\EldritchDungeon.Systems\EldritchDungeon.Systems.csproj", "{A1B2C3D4-4444-4000-A000-000000000004}"
EndProject
Project("{FAE04EC0-301F-11D3-BF4B-00C04F79EFBC}") = "EldritchDungeon.UI", "src\EldritchDungeon.UI\EldritchDungeon.UI.csproj", "{A1B2C3D4-5555-4000-A000-000000000005}"
EndProject
Project("{FAE04EC0-301F-11D3-BF4B-00C04F79EFBC}") = "EldritchDungeon.World.Tests", "tests\EldritchDungeon.World.Tests\EldritchDungeon.World.Tests.csproj", "{A1B2C3D4-6666-4000-A000-000000000006}"
EndProject
Project("{FAE04EC0-301F-11D3-BF4B-00C04F79EFBC}") = "EldritchDungeon.Generation.Tests", "tests\EldritchDungeon.Generation.Tests\EldritchDungeon.Generation.Tests.csproj", "{A1B2C3D4-7777-4000-A000-000000000007}"
EndProject
Project("{FAE04EC0-301F-11D3-BF4B-00C04F79EFBC}") = "EldritchDungeon.Systems.Tests", "tests\EldritchDungeon.Systems.Tests\EldritchDungeon.Systems.Tests.csproj", "{A1B2C3D4-8888-4000-A000-000000000008}"
EndProject
Global
	GlobalSection(SolutionConfigurationPlatforms) = preSolution
		Debug|Any CPU = Debug|Any CPU
		Debug|x64 = Debug|x64
		Debug|x86 = Debug|x86
		Release|Any CPU = Release|Any CPU
		Release|x64 = Release|x64
		Release|x86 = Release|x86
	EndGlobalSection
	GlobalSection(ProjectConfigurationPlatforms) = postSolution
		{63D47B29-E123-4F76-928A-7759A4016953}.Debug|Any CPU.ActiveCfg = Debug|Any CPU
		{63D47B29-E123-4F76-928A-7759A4016953}.Debug|Any CPU.Build.0 = Debug|Any CPU
		{63D47B29-E123-4F76-928A-7759A4016953}.Debug|x64.ActiveCfg = Debug|Any CPU
		{63D47B29-E123-4F76-928A-7759A4016953}.Debug|x64.Build.0 = Debug|Any CPU
		{63D47B29-E123-4F76-928A-7759A4016953}.Debug|x86.ActiveCfg = Debug|Any CPU
		{63D47B29-E123-4F76-928A-7759A4016953}.Debug|x86.Build.0 = Debug|Any CPU
		{63D47B29-E123-4F76-928A-7759A4016953}.Release|Any CPU.ActiveCfg = Release|Any CPU
		{63D47B29-E123-4F76-928A-7759A4016953}.Release|Any CPU.Build.0 = Release|Any CPU
		{63D47B29-E123-4F76-928A-7759A4016953}.Release|x64.ActiveCfg = Release|Any CPU
		{63D47B29-E123-4F76-928A-7759A4016953}.Release|x64.Build.0 = Release|Any CPU
		{63D47B29-E123-4F76-928A-7759A4016953}.Release|x86.ActiveCfg = Release|Any CPU
		{63D47B29-E123-4F76-928A-7759A4016953}.Release|x86.Build.0 = Release|Any CPU
		{61D801AA-A2F3-4C06-9230-9BD9912B636A}.Debug|Any CPU.ActiveCfg = Debug|Any CPU
		{61D801AA-A2F3-4C06-9230-9BD9912B636A}.Debug|Any CPU.Build.0 = Debug|Any CPU
		{61D801AA-A2F3-4C06-9230-9BD9912B636A}.Debug|x64.ActiveCfg = Debug|Any CPU
		{61D801AA-A2F3-4C06-9230-9BD9912B636A}.Debug|x64.Build.0 = Debug|Any CPU
		{61D801AA-A2F3-4C06-9230-9BD9912B636A}.Debug|x86.ActiveCfg = Debug|Any CPU
		{61D801AA-A2F3-4C06-9230-9BD9912B636A}.Debug|x86.Build.0 = Debug|Any CPU
		{61D801AA-A2F3-4C06-9230-9BD9912B636A}.Release|Any CPU.ActiveCfg = Release|Any CPU
		{61D801AA-A2F3-4C06-9230-9BD9912B636A}.Release|Any CPU.Build.0 = Release|Any CPU
		{61D801AA-A2F3-4C06-9230-9BD9912B636A}.Release|x64.ActiveCfg = Release|Any CPU
		{61D801AA-A2F3-4C06-9230-9BD9912B636A}.Release|x64.Build.0 = Release|Any CPU
		{61D801AA-A2F3-4C06-9230-9BD9912B636A}.Release|x86.ActiveCfg = Release|Any CPU
		{61D801AA-A2F3-4C06-9230-9BD9912B636A}.Release|x86.Build.0 = Release|Any CPU
		{6EC608C0-5C0C-4DC2-9537-78531AACDE96}.Debug|Any CPU.ActiveCfg = Debug|Any CPU
		{6EC608C0-5C0C-4DC2-9537-78531AACDE96}.Debug|Any CPU.Build.0 = Debug|Any CPU
		{6EC608C0-5C0C-4DC2-9537-78531AACDE96}.Debug|x64.ActiveCfg = Debug|Any CPU
		{6EC608C0-5C0C-4DC2-9537-78531AACDE96}.Debug|x64.Build.0 = Debug|Any CPU
		{6EC608C0-5C0C-4DC2-9537-78531AACDE96}.Debug|x86.ActiveCfg = Debug|Any CPU
		{6EC608C0-5C0C-4DC2-9537-78531AACDE96}.Debug|x86.Build.0 = Debug|Any CPU
		{6EC608C0-5C0C-4DC2-9537-78531AACDE96}.Release|Any CPU.ActiveCfg = Release|Any CPU
		{6EC608C0-5C0C-4DC2-9537-78531AACDE96}.Release|Any CPU.Build.0 = Release|Any CPU
		{6EC608C0-5C0C-4DC2-9537-78531AACDE96}.Release|x64.ActiveCfg = Release|Any CPU
		{6EC608C0-5C0C-4DC2-9537-78531AACDE96}.Release|x64.Build.0 = Release|Any CPU
		{6EC608C0-5C0C-4DC2-9537-78531AACDE96}.Release|x86.ActiveCfg = Release|Any CPU
		{6EC608C0-5C0C-4DC2-9537-78531AACDE96}.Release|x86.Build.0 = Release|Any CPU
		{EA3C19E9-B384-42C7-B231-C71163963525}.Debug|Any CPU.ActiveCfg = Debug|Any CPU
		{EA3C19E9-B384-42C7-B231-C71163963525}.Debug|Any CPU.Build.0 = Debug|Any CPU
		{EA3C19E9-B384-42C7-B231-C71163963525}.Debug|x64.ActiveCfg = Debug|Any CPU
		{EA3C19E9-B384-42C7-B231-C71163963525}.Debug|x64.Build.0 = Debug|Any CPU
		{EA3C19E9-B384-42C7-B231-C71163963525}.Debug|x86.ActiveCfg = Debug|Any CPU
		{EA3C19E9-B384-42C7-B231-C71163963525}.Debug|x86.Build.0 = Debug|Any CPU
		{EA3C19E9-B384-42C7-B231-C71163963525}.Release|Any CPU.ActiveCfg = Release|Any CPU
		{EA3C19E9-B384-42C7-B231-C71163963525}.Release|Any CPU.Build.0 = Release|Any CPU
		{EA3C19E9-B384-42C7-B231-C71163963525}.Release|x64.ActiveCfg = Release|Any CPU
		{EA3C19E9-B384-42C7-B231-C71163963525}.Release|x64.Build.0 = Release|Any CPU
		{EA3C19E9-B384-42C7-B231-C71163963525}.Release|x86.ActiveCfg = Release|Any CPU
		{EA3C19E9-B384-42C7-B231-C71163963525}.Release|x86.Build.0 = Release|Any CPU
		{6A143C89-7C59-4F2F-B24E-E2157A696912}.Debug|Any CPU.ActiveCfg = Debug|Any CPU
		{6A143C89-7C59-4F2F-B24E-E2157A696912}.Debug|Any CPU.Build.0 = Debug|Any CPU
		{6A143C89-7C59-4F2F-B24E-E2157A696912}.Debug|x64.ActiveCfg = Debug|Any CPU
		{6A143C89-7C59-4F2F-B24E-E2157A696912}.Debug|x64.Build.0 = Debug|Any CPU
		{6A143C89-7C59-4F2F-B24E-E2157A696912}.Debug|x86.ActiveCfg = Debug|Any CPU
		{6A143C89-7C59-4F2F-B24E-E2157A696912}.Debug|x86.Build.0 = Debug|Any CPU
		{6A143C89-7C59-4F2F-B24E-E2157A696912}.Release|Any CPU.ActiveCfg = Release|Any CPU
		{6A143C89-7C59-4F2F-B24E-E2157A696912}.Release|Any CPU.Build.0 = Release|Any CPU
		{6A143C89-7C59-4F2F-B24E-E2157A696912}.Release|x64.ActiveCfg = Release|Any CPU
		{6A143C89-7C59-4F2F-B24E-E2157A696912}.Release|x64.Build.0 = Release|Any CPU
		{6A143C89-7C59-4F2F-B24E-E2157A696912}.Release|x86.ActiveCfg = Release|Any CPU
		{6A143C89-7C59-4F2F-B24E-E2157A696912}.Release|x86.Build.0 = Release|Any CPU
		{A1B2C3D4-1111-4000-A000-000000000001}.Debug|Any CPU.ActiveCfg = Debug|Any CPU
		{A1B2C3D4-1111-4000-A000-000000000001}.Debug|Any CPU.Build.0 = Debug|Any CPU
		{A1B2C3D4-1111-4000-A000-000000000001}.Debug|x64.ActiveCfg = Debug|Any CPU
		{A1B2C3D4-1111-4000-A000-000000000001}.Debug|x64.Build.0 = Debug|Any CPU
		{A1B2C3D4-1111-4000-A000-000000000001}.Debug|x86.ActiveCfg = Debug|Any CPU
		{A1B2C3D4-1111-4000-A000-000000000001}.Debug|x86.Build.0 = Debug|Any CPU
		{A1B2C3D4-1111-4000-A000-000000000001}.Release|Any CPU.ActiveCfg = Release|Any CPU
		{A1B2C3D4-1111-4000-A000-000000000001}.Release|Any CPU.Build.0 = Release|Any CPU
		{A1B2C3D4-1111-4000-A000-000000000001}.Release|x64.ActiveCfg = Release|Any CPU
		{A1B2C3D4-1111-4000-A000-000000000001}.Release|x64.Build.0 = Release|Any CPU
		{A1B2C3D4-1111-4000-A000-000000000001}.Release|x86.ActiveCfg = Release|Any CPU
		{A1B2C3D4-1111-4000-A000-000000000001}.Release|x86.Build.0 = Release|Any CPU
		{A1B2C3D4-2222-4000-A000-000000000002}.Debug|Any CPU.ActiveCfg = Debug|Any CPU
		{A1B2C3D4-2222-4000-A000-000000000002}.Debug|Any CPU.Build.0 = Debug|Any CPU
		{A1B2C3D4-2222-4000-A000-000000000002}.Debug|x64.ActiveCfg = Debug|Any CPU
		{A1B2C3D4-2222-4000-A000-000000000002}.Debug|x64.Build.0 = Debug|Any CPU
		{A1B2C3D4-2222-4000-A000-000000000002}.Debug|x86.ActiveCfg = Debug|Any CPU
		{A1B2C3D4-2222-4000-A000-000000000002}.Debug|x86.Build.0 = Debug|Any CPU
		{A1B2C3D4-2222-4000-A000-000000000002}.Release|Any CPU.ActiveCfg = Release|Any CPU
		{A1B2C3D4-2222-4000-A000-000000000002}.Release|Any CPU.Build.0 = Release|Any CPU
		{A1B2C3D4-2222-4000-A000-000000000002}.Release|x64.ActiveCfg = Release|Any CPU
		{A1B2C3D4-2222-4000-A000-000000000002}.Release|x64.Build.0 = Release|Any CPU
		{A1B2C3D4-2222-4000-A000-000000000002}.Release|x86.ActiveCfg = Release|Any CPU
		{A1B2C3D4-2222-4000-A000-000000000002}.Release|x86.Build.0 = Release|Any CPU
		{A1B2C3D4-3333-4000-A000-000000000003}.Debug|Any CPU.ActiveCfg = Debug|Any CPU
		{A1B2C3D4-3333-4000-A000-000000000003}.Debug|Any CPU.Build.0 = Debug|Any CPU
		{A1B2C3D4-3333-4000-A000-000000000003}.Debug|x64.ActiveCfg = Debug|Any CPU
		{A1B2C3D4-3333-4000-A000-000000000003}.Debug|x64.Build.0 = Debug|Any CPU
		{A1B2C3D4-3333-4000-A000-000000000003}.Debug|x86.ActiveCfg = Debug|Any CPU
		{A1B2C3D4-3333-4000-A000-000000000003}.Debug|x86.Build.0 = Debug|Any CPU
		{A1B2C3D4-3333-4000-A000-000000000003}.Release|Any CPU.ActiveCfg = Release|Any CPU
		{A1B2C3D4-3333-4000-A000-000000000003}.Release|Any CPU.Build.0 = Release|Any CPU
		{A1B2C3D4-3333-4000-A000-000000000003}.Release|x64.ActiveCfg = Release|Any CPU
		{A1B2C3D4-3333-4000-A000-000000000003}.Release|x64.Build.0 = Release|Any CPU
		{A1B2C3D4-3333-4000-A000-000000000003}.Release|x86.ActiveCfg = Release|Any CPU
		{A1B2C3D4-3333-4000-A000-000000000003}.Release|x86.Build.0 = Release|Any CPU
		{A1B2C3D4-4444-4000-A000-000000000004}.Debug|Any CPU.ActiveCfg = Debug|Any CPU
		{A1B2C3D4-4444-4000-A000-000000000004}.Debug|Any CPU.Build.0 = Debug|Any CPU
		{A1B2C3D4-4444-4000-A000-000000000004}.Debug|x64.ActiveCfg = Debug|Any CPU
		{A1B2C3D4-4444-4000-A000-000000000004}.Debug|x64.Build.0 = Debug|Any CPU
		{A1B2C3D4-4444-4000-A000-000000000004}.Debug|x86.ActiveCfg = Debug|Any CPU
		{A1B2C3D4-4444-4000-A000-000000000004}.Debug|x86.Build.0 = Debug|Any CPU
		{A1B2C3D4-4444-4000-A000-000000000004}.Release|Any CPU.ActiveCfg = Release|Any CPU
		{A1B2C3D4-4444-4000-A000-000000000004}.Release|Any CPU.Build.0 = Release|Any CPU
		{A1B2C3D4-4444-4000-A000-000000000004}.Release|x64.ActiveCfg = Release|Any CPU
		{A1B2C3D4-4444-4000-A000-000000000004}.Release|x64.Build.0 = Release|Any CPU
		{A1B2C3D4-4444-4000-A000-000000000004}.Release|x86.ActiveCfg = Release|Any CPU
		{A1B2C3D4-4444-4000-A000-000000000004}.Release|x86.Build.0 = Release|Any CPU
		{A1B2C3D4-5555-4000-A000-000000000005}.Debug|Any CPU.ActiveCfg = Debug|Any CPU
		{A1B2C3D4-5555-4000-A000-000000000005}.Debug|Any CPU.Build.0 = Debug|Any CPU
		{A1B2C3D4-5555-4000-A000-000000000005}.Debug|x64.ActiveCfg = Debug|Any CPU
		{A1B2C3D4-5555-4000-A000-000000000005}.Debug|x64.Build.0 = Debug|Any CPU
		{A1B2C3D4-5555-4000-A000-000000000005}.Debug|x86.ActiveCfg = Debug|Any CPU
		{A1B2C3D4-5555-4000-A000-000000000005}.Debug|x86.Build.0 = Debug|Any CPU
		{A1B2C3D4-5555-4000-A000-000000000005}.Release|Any CPU.ActiveCfg = Release|Any CPU
		{A1B2C3D4-5555-4000-A000-000000000005}.Release|Any CPU.Build.0 = Release|Any CPU
		{A1B2C3D4-5555-4000-A000-000000000005}.Release|x64.ActiveCfg = Release|Any CPU
		{A1B2C3D4-5555-4000-A000-000000000005}.Release|x64.Build.0 = Release|Any CPU
		{A1B2C3D4-5555-4000-A000-000000000005}.Release|x86.ActiveCfg = Release|Any CPU
		{A1B2C3D4-5555-4000-A000-000000000005}.Release|x86.Build.0 = Release|Any CPU
		{A1B2C3D4-6666-4000-A000-000000000006}.Debug|Any CPU.ActiveCfg = Debug|Any CPU
		{A1B2C3D4-6666-4000-A000-000000000006}.Debug|Any CPU.Build.0 = Debug|Any CPU
		{A1B2C3D4-6666-4000-A000-000000000006}.Debug|x64.ActiveCfg = Debug|Any CPU
		{A1B2C3D4-6666-4000-A000-000000000006}.Debug|x64.Build.0 = Debug|Any CPU
		{A1B2C3D4-6666-4000-A000-000000000006}.Debug|x86.ActiveCfg = Debug|Any CPU
		{A1B2C3D4-6666-4000-A000-000000000006}.Debug|x86.Build.0 = Debug|Any CPU
		{A1B2C3D4-6666-4000-A000-000000000006}.Release|Any CPU.ActiveCfg = Release|Any CPU
		{A1B2C3D4-6666-4000-A000-000000000006}.Release|Any CPU.Build.0 = Release|Any CPU
		{A1B2C3D4-6666-4000-A000-000000000006}.Release|x64.ActiveCfg = Release|Any CPU
		{A1B2C3D4-6666-4000-A000-000000000006}.Release|x64.Build.0 = Release|Any CPU
		{A1B2C3D4-6666-4000-A000-000000000006}.Release|x86.ActiveCfg = Release|Any CPU
		{A1B2C3D4-6666-4000-A000-000000000006}.Release|x86.Build.0 = Release|Any CPU
		{A1B2C3D4-7777-4000-A000-000000000007}.Debug|Any CPU.ActiveCfg = Debug|Any CPU
		{A1B2C3D4-7777-4000-A000-000000000007}.Debug|Any CPU.Build.0 = Debug|Any CPU
		{A1B2C3D4-7777-4000-A000-000000000007}.Debug|x64.ActiveCfg = Debug|Any CPU
		{A1B2C3D4-7777-4000-A000-000000000007}.Debug|x64.Build.0 = Debug|Any CPU
		{A1B2C3D4-7777-4000-A000-000000000007}.Debug|x86.ActiveCfg = Debug|Any CPU
		{A1B2C3D4-7777-4000-A000-000000000007}.Debug|x86.Build.0 = Debug|Any CPU
		{A1B2C3D4-7777-4000-A000-000000000007}.Release|Any CPU.ActiveCfg = Release|Any CPU
		{A1B2C3D4-7777-4000-A000-000000000007}.Release|Any CPU.Build.0 = Release|Any CPU
		{A1B2C3D4-7777-4000-A000-000000000007}.Release|x64.ActiveCfg = Release|Any CPU
		{A1B2C3D4-7777-4000-A000-000000000007}.Release|x64.Build.0 = Release|Any CPU
		{A1B2C3D4-7777-4000-A000-000000000007}.Release|x86.ActiveCfg = Release|Any CPU
		{A1B2C3D4-7777-4000-A000-000000000007}.Release|x86.Build.0 = Release|Any CPU
		{A1B2C3D4-8888-4000-A000-000000000008}.Debug|Any CPU.ActiveCfg = Debug|Any CPU
		{A1B2C3D4-8888-4000-A000-000000000008}.Debug|Any CPU.Build.0 = Debug|Any CPU
		{A1B2C3D4-8888-4000-A000-000000000008}.Debug|x64.ActiveCfg = Debug|Any CPU
		{A1B2C3D4-8888-4000-A000-000000000008}.Debug|x64.Build.0 = Debug|Any CPU
		{A1B2C3D4-8888-4000-A000-000000000008}.Debug|x86.ActiveCfg = Debug|Any CPU
		{A1B2C3D4-8888-4000-A000-000000000008}.Debug|x86.Build.0 = Debug|Any CPU
		{A1B2C3D4-8888-4000-A000-000000000008}.Release|Any CPU.ActiveCfg = Release|Any CPU
		{A1B2C3D4-8888-4000-A000-000000000008}.Release|Any CPU.Build.0 = Release|Any CPU
		{A1B2C3D4-8888-4000-A000-000000000008}.Release|x64.ActiveCfg = Release|Any CPU
		{A1B2C3D4-8888-4000-A000-000000000008}.Release|x64.Build.0 = Release|Any CPU
		{A1B2C3D4-8888-4000-A000-000000000008}.Release|x86.ActiveCfg = Release|Any CPU
		{A1B2C3D4-8888-4000-A000-000000000008}.Release|x86.Build.0 = Release|Any CPU
	EndGlobalSection
	GlobalSection(SolutionProperties) = preSolution
		HideSolutionNode = FALSE
	EndGlobalSection
	GlobalSection(NestedProjects) = preSolution
		{63D47B29-E123-4F76-928A-7759A4016953} = {827E0CD3-B72D-47B6-A68D-7590B98EB39B}
		{61D801AA-A2F3-4C06-9230-9BD9912B636A} = {827E0CD3-B72D-47B6-A68D-7590B98EB39B}
		{6EC608C0-5C0C-4DC2-9537-78531AACDE96} = {827E0CD3-B72D-47B6-A68D-7590B98EB39B}
		{EA3C19E9-B384-42C7-B231-C71163963525} = {827E0CD3-B72D-47B6-A68D-7590B98EB39B}
		{6A143C89-7C59-4F2F-B24E-E2157A696912} = {827E0CD3-B72D-47B6-A68D-7590B98EB39B}
		{A1B2C3D4-1111-4000-A000-000000000001} = {827E0CD3-B72D-47B6-A68D-7590B98EB39B}
		{A1B2C3D4-2222-4000-A000-000000000002} = {827E0CD3-B72D-47B6-A68D-7590B98EB39B}
		{A1B2C3D4-3333-4000-A000-000000000003} = {827E0CD3-B72D-47B6-A68D-7590B98EB39B}
		{A1B2C3D4-4444-4000-A000-000000000004} = {827E0CD3-B72D-47B6-A68D-7590B98EB39B}
		{A1B2C3D4-5555-4000-A000-000000000005} = {827E0CD3-B72D-47B6-A68D-7590B98EB39B}
		{A1B2C3D4-6666-4000-A000-000000000006} = {827E0CD3-B72D-47B6-A68D-7590B98EB39B}
		{A1B2C3D4-7777-4000-A000-000000000007} = {827E0CD3-B72D-47B6-A68D-7590B98EB39B}
		{A1B2C3D4-8888-4000-A000-000000000008} = {827E0CD3-B72D-47B6-A68D-7590B98EB39B}
	EndGlobalSection
EndGlobal
